
Microsoft Visual Studio Solution File, Format Version 12.00
# Visual Studio Version 16
VisualStudioVersion = 16.0.34114.132
MinimumVisualStudioVersion = 10.0.40219.1
Project("{9A19103F-16F7-4668-BE54-9A1E7A4F7556}") = "BlogApp.Shared", "BlogApp.Shared\BlogApp.Shared.csproj", "{699498C7-2F08-4F4C-875B-E014DA35E641}"
EndProject
Project("{9A19103F-16F7-4668-BE54-9A1E7A4F7556}") = "BlogApp.Data", "BlogApp.Data\BlogApp.Data.csproj", "{C2981813-4016-4C12-A650-22EDBA44E957}"
EndProject
Project("{9A19103F-16F7-4668-BE54-9A1E7A4F7556}") = "BlogApp.Entities", "BlogApp.Entities\BlogApp.Entities.csproj", "{AB96515B-873D-490E-BFC0-A592A85D3041}"
EndProject
Project("{9A19103F-16F7-4668-BE54-9A1E7A4F7556}") = "BlogApp.Services", "BlogApp.Services\BlogApp.Services.csproj", "{14FB15DA-DEFB-4FB9-804F-B7B93F989F6F}"
EndProject
Project("{FAE04EC0-301F-11D3-BF4B-00C04F79EFBC}") = "BlogApp.Mvc", "BlogApp.Mvc\BlogApp.Mvc.csproj", "{57316CE9-8DD5-4824-A8FE-DABDBAE7C478}"
EndProject
Global
	GlobalSection(SolutionConfigurationPlatforms) = preSolution
		Debug|Any CPU = Debug|Any CPU
		Release|Any CPU = Release|Any CPU
	EndGlobalSection
	GlobalSection(ProjectConfigurationPlatforms) = postSolution
		{699498C7-2F08-4F4C-875B-E014DA35E641}.Debug|Any CPU.ActiveCfg = Debug|Any CPU
		{699498C7-2F08-4F4C-875B-E014DA35E641}.Debug|Any CPU.Build.0 = Debug|Any CPU
		{699498C7-2F08-4F4C-875B-E014DA35E641}.Release|Any CPU.ActiveCfg = Release|Any CPU
		{699498C7-2F08-4F4C-875B-E014DA35E641}.Release|Any CPU.Build.0 = Release|Any CPU
		{C2981813-4016-4C12-A650-22EDBA44E957}.Debug|Any CPU.ActiveCfg = Debug|Any CPU
		{C2981813-4016-4C12-A650-22EDBA44E957}.Debug|Any CPU.Build.0 = Debug|Any CPU
		{C2981813-4016-4C12-A650-22EDBA44E957}.Release|Any CPU.ActiveCfg = Release|Any CPU
		{C2981813-4016-4C12-A650-22EDBA44E957}.Release|Any CPU.Build.0 = Release|Any CPU
		{AB96515B-873D-490E-BFC0-A592A85D3041}.Debug|Any CPU.ActiveCfg = Debug|Any CPU
		{AB96515B-873D-490E-BFC0-A592A85D3041}.Debug|Any CPU.Build.0 = Debug|Any CPU
		{AB96515B-873D-490E-BFC0-A592A85D3041}.Release|Any CPU.ActiveCfg = Release|Any CPU
		{AB96515B-873D-490E-BFC0-A592A85D3041}.Release|Any CPU.Build.0 = Release|Any CPU
		{14FB15DA-DEFB-4FB9-804F-B7B93F989F6F}.Debug|Any CPU.ActiveCfg = Debug|Any CPU
		{14FB15DA-DEFB-4FB9-804F-B7B93F989F6F}.Debug|Any CPU.Build.0 = Debug|Any CPU
		{14FB15DA-DEFB-4FB9-804F-B7B93F989F6F}.Release|Any CPU.ActiveCfg = Release|Any CPU
		{14FB15DA-DEFB-4FB9-804F-B7B93F989F6F}.Release|Any CPU.Build.0 = Release|Any CPU
		{57316CE9-8DD5-4824-A8FE-DABDBAE7C478}.Debug|Any CPU.ActiveCfg = Debug|Any CPU
		{57316CE9-8DD5-4824-A8FE-DABDBAE7C478}.Debug|Any CPU.Build.0 = Debug|Any CPU
		{57316CE9-8DD5-4824-A8FE-DABDBAE7C478}.Release|Any CPU.ActiveCfg = Release|Any CPU
		{57316CE9-8DD5-4824-A8FE-DABDBAE7C478}.Release|Any CPU.Build.0 = Release|Any CPU
	EndGlobalSection
	GlobalSection(SolutionProperties) = preSolution
		HideSolutionNode = FALSE
	EndGlobalSection
	GlobalSection(ExtensibilityGlobals) = postSolution
		SolutionGuid = {65DC942F-31FE-46A9-961D-C9D7667F9E32}
	EndGlobalSection
EndGlobal
